
Microsoft Visual Studio Solution File, Format Version 12.00
# Visual Studio Version 17
VisualStudioVersion = 17.14.36429.23
MinimumVisualStudioVersion = 10.0.40219.1
Project("{2150E333-8FDC-42A3-9474-1A3956D46DE8}") = "Task0", "Task0", "{02EA681E-C7D8-13C7-8484-4AC65E1B71E8}"
EndProject
Project("{FAE04EC0-301F-11D3-BF4B-00C04F79EFBC}") = "Tyuiu.DewjaterikowaAA.Sprint1.Task0.V14", "Tyuiu.DewjaterikowaAA.Sprint1.Task0.V14\Tyuiu.DewjaterikowaAA.Sprint1.Task0.V14.csproj", "{DFD1AE01-B39E-4DEB-9BB5-32FA867F0058}"
EndProject
Project("{FAE04EC0-301F-11D3-BF4B-00C04F79EFBC}") = "Tyuiu.DewjaterikowaAA.Sprint1.Task0.V14.Test", "Tyuiu.DewjaterikowaAA.Sprint1.Task0.V14.Test\Tyuiu.DewjaterikowaAA.Sprint1.Task0.V14.Test.csproj", "{23C1E92C-465A-4973-B13C-5FDAE9D21106}"
EndProject
Project("{FAE04EC0-301F-11D3-BF4B-00C04F79EFBC}") = "Tyuiu.DewjaterikowaAA.Sprint1.Task0.V14.Lib", "Tyuiu.DewjaterikowaAA.Sprint1.Task0.V14.Lib\Tyuiu.DewjaterikowaAA.Sprint1.Task0.V14.Lib.csproj", "{7C937789-6042-493E-9FF1-BA796F5CAAC5}"
EndProject
Project("{2150E333-8FDC-42A3-9474-1A3956D46DE8}") = "Task1", "Task1", "{DC25774A-B28C-4E09-BF67-2C5BA4EBFF2F}"
EndProject
Project("{FAE04EC0-301F-11D3-BF4B-00C04F79EFBC}") = "Tyuiu.DewjaterikowaAA.Sprint1.Task1.V22", "Tyuiu.DewjaterikowaAA.Sprint1.Task1.V22\Tyuiu.DewjaterikowaAA.Sprint1.Task1.V22.csproj", "{BFBEA3E0-9DA3-4627-A41B-B97303EE1C37}"
EndProject
Project("{FAE04EC0-301F-11D3-BF4B-00C04F79EFBC}") = "Tyuiu.DewjaterikowaAA.Sprint1.Task1.V22.Lib", "Tyuiu.DewjaterikowaAA.Sprint1.Task1.V22.Lib\Tyuiu.DewjaterikowaAA.Sprint1.Task1.V22.Lib.csproj", "{45738D46-A101-4ECF-A632-7D81706CC7FA}"
EndProject
Project("{FAE04EC0-301F-11D3-BF4B-00C04F79EFBC}") = "Tyuiu.DewjaterikowaAA.Sprint1.Task1.V22.Test", "Tyuiu.DewjaterikowaAA.Sprint1.Task1.V22.Test\Tyuiu.DewjaterikowaAA.Sprint1.Task1.V22.Test.csproj", "{837105D7-22CB-41A2-A6C4-66F9D4B10EEF}"
EndProject
Project("{2150E333-8FDC-42A3-9474-1A3956D46DE8}") = "Task2", "Task2", "{69642F23-4EB6-415A-BEB8-1E6F589AD075}"
EndProject
Project("{FAE04EC0-301F-11D3-BF4B-00C04F79EFBC}") = "Tyuiu.DewjaterikowaAA.Sprint1.Task2.V20", "Tyuiu.DewjaterikowaAA.Sprint1.Task2.V20\Tyuiu.DewjaterikowaAA.Sprint1.Task2.V20.csproj", "{32E46F26-0E91-4C72-90D6-D29665F5B71C}"
EndProject
Project("{FAE04EC0-301F-11D3-BF4B-00C04F79EFBC}") = "Tyuiu.DewjaterikowaAA.Sprint1.Task2.V20.Test", "Tyuiu.DewjaterikowaAA.Sprint1.Task2.V20.Test\Tyuiu.DewjaterikowaAA.Sprint1.Task2.V20.Test.csproj", "{62250AB1-A4FB-4D02-8164-F18AFF08BEF0}"
EndProject
Project("{FAE04EC0-301F-11D3-BF4B-00C04F79EFBC}") = "Tyuiu.DewjaterikowaAA.Sprint1.Task2.V20.Lib", "Tyuiu.DewjaterikowaAA.Sprint1.Task2.V20.Lib\Tyuiu.DewjaterikowaAA.Sprint1.Task2.V20.Lib.csproj", "{C2227FA1-756A-4A13-80CC-E05EC476D2DC}"
EndProject
Project("{2150E333-8FDC-42A3-9474-1A3956D46DE8}") = "Task3", "Task3", "{7B7552C6-B654-40F0-9A76-FDFE0E8954F4}"
EndProject
Project("{FAE04EC0-301F-11D3-BF4B-00C04F79EFBC}") = "Tyuiu.DewjaterikowaAA.Sprint1.Task3.V11", "Tyuiu.DewjaterikowaAA.Sprint1.Task3.V11\Tyuiu.DewjaterikowaAA.Sprint1.Task3.V11.csproj", "{24B94891-9E29-4837-B228-C626081156FA}"
EndProject
Project("{FAE04EC0-301F-11D3-BF4B-00C04F79EFBC}") = "Tyuiu.DewjaterikowaAA.Sprint1.Task3.V11.Lib", "Tyuiu.DewjaterikowaAA.Sprint1.Task3.V11.Lib\Tyuiu.DewjaterikowaAA.Sprint1.Task3.V11.Lib.csproj", "{5EA847E4-1A61-410B-BFFB-C825E4420C3C}"
EndProject
Project("{FAE04EC0-301F-11D3-BF4B-00C04F79EFBC}") = "Tyuiu.DewjaterikowaAA.Sprint1.Task3.V11.Test", "Tyuiu.DewjaterikowaAA.Sprint1.Task3.V11.Test\Tyuiu.DewjaterikowaAA.Sprint1.Task3.V11.Test.csproj", "{AD9D68C1-F822-43ED-8413-2F301D2182AC}"
EndProject
Global
	GlobalSection(SolutionConfigurationPlatforms) = preSolution
		Debug|Any CPU = Debug|Any CPU
		Release|Any CPU = Release|Any CPU
	EndGlobalSection
	GlobalSection(ProjectConfigurationPlatforms) = postSolution
		{DFD1AE01-B39E-4DEB-9BB5-32FA867F0058}.Debug|Any CPU.ActiveCfg = Debug|Any CPU
		{DFD1AE01-B39E-4DEB-9BB5-32FA867F0058}.Debug|Any CPU.Build.0 = Debug|Any CPU
		{DFD1AE01-B39E-4DEB-9BB5-32FA867F0058}.Release|Any CPU.ActiveCfg = Release|Any CPU
		{DFD1AE01-B39E-4DEB-9BB5-32FA867F0058}.Release|Any CPU.Build.0 = Release|Any CPU
		{23C1E92C-465A-4973-B13C-5FDAE9D21106}.Debug|Any CPU.ActiveCfg = Debug|Any CPU
		{23C1E92C-465A-4973-B13C-5FDAE9D21106}.Debug|Any CPU.Build.0 = Debug|Any CPU
		{23C1E92C-465A-4973-B13C-5FDAE9D21106}.Release|Any CPU.ActiveCfg = Release|Any CPU
		{23C1E92C-465A-4973-B13C-5FDAE9D21106}.Release|Any CPU.Build.0 = Release|Any CPU
		{7C937789-6042-493E-9FF1-BA796F5CAAC5}.Debug|Any CPU.ActiveCfg = Debug|Any CPU
		{7C937789-6042-493E-9FF1-BA796F5CAAC5}.Debug|Any CPU.Build.0 = Debug|Any CPU
		{7C937789-6042-493E-9FF1-BA796F5CAAC5}.Release|Any CPU.ActiveCfg = Release|Any CPU
		{7C937789-6042-493E-9FF1-BA796F5CAAC5}.Release|Any CPU.Build.0 = Release|Any CPU
		{BFBEA3E0-9DA3-4627-A41B-B97303EE1C37}.Debug|Any CPU.ActiveCfg = Debug|Any CPU
		{BFBEA3E0-9DA3-4627-A41B-B97303EE1C37}.Debug|Any CPU.Build.0 = Debug|Any CPU
		{BFBEA3E0-9DA3-4627-A41B-B97303EE1C37}.Release|Any CPU.ActiveCfg = Release|Any CPU
		{BFBEA3E0-9DA3-4627-A41B-B97303EE1C37}.Release|Any CPU.Build.0 = Release|Any CPU
		{45738D46-A101-4ECF-A632-7D81706CC7FA}.Debug|Any CPU.ActiveCfg = Debug|Any CPU
		{45738D46-A101-4ECF-A632-7D81706CC7FA}.Debug|Any CPU.Build.0 = Debug|Any CPU
		{45738D46-A101-4ECF-A632-7D81706CC7FA}.Release|Any CPU.ActiveCfg = Release|Any CPU
		{45738D46-A101-4ECF-A632-7D81706CC7FA}.Release|Any CPU.Build.0 = Release|Any CPU
		{837105D7-22CB-41A2-A6C4-66F9D4B10EEF}.Debug|Any CPU.ActiveCfg = Debug|Any CPU
		{837105D7-22CB-41A2-A6C4-66F9D4B10EEF}.Debug|Any CPU.Build.0 = Debug|Any CPU
		{837105D7-22CB-41A2-A6C4-66F9D4B10EEF}.Release|Any CPU.ActiveCfg = Release|Any CPU
		{837105D7-22CB-41A2-A6C4-66F9D4B10EEF}.Release|Any CPU.Build.0 = Release|Any CPU
		{32E46F26-0E91-4C72-90D6-D29665F5B71C}.Debug|Any CPU.ActiveCfg = Debug|Any CPU
		{32E46F26-0E91-4C72-90D6-D29665F5B71C}.Debug|Any CPU.Build.0 = Debug|Any CPU
		{32E46F26-0E91-4C72-90D6-D29665F5B71C}.Release|Any CPU.ActiveCfg = Release|Any CPU
		{32E46F26-0E91-4C72-90D6-D29665F5B71C}.Release|Any CPU.Build.0 = Release|Any CPU
		{62250AB1-A4FB-4D02-8164-F18AFF08BEF0}.Debug|Any CPU.ActiveCfg = Debug|Any CPU
		{62250AB1-A4FB-4D02-8164-F18AFF08BEF0}.Debug|Any CPU.Build.0 = Debug|Any CPU
		{62250AB1-A4FB-4D02-8164-F18AFF08BEF0}.Release|Any CPU.ActiveCfg = Release|Any CPU
		{62250AB1-A4FB-4D02-8164-F18AFF08BEF0}.Release|Any CPU.Build.0 = Release|Any CPU
		{C2227FA1-756A-4A13-80CC-E05EC476D2DC}.Debug|Any CPU.ActiveCfg = Debug|Any CPU
		{C2227FA1-756A-4A13-80CC-E05EC476D2DC}.Debug|Any CPU.Build.0 = Debug|Any CPU
		{C2227FA1-756A-4A13-80CC-E05EC476D2DC}.Release|Any CPU.ActiveCfg = Release|Any CPU
		{C2227FA1-756A-4A13-80CC-E05EC476D2DC}.Release|Any CPU.Build.0 = Release|Any CPU
		{24B94891-9E29-4837-B228-C626081156FA}.Debug|Any CPU.ActiveCfg = Debug|Any CPU
		{24B94891-9E29-4837-B228-C626081156FA}.Debug|Any CPU.Build.0 = Debug|Any CPU
		{24B94891-9E29-4837-B228-C626081156FA}.Release|Any CPU.ActiveCfg = Release|Any CPU
		{24B94891-9E29-4837-B228-C626081156FA}.Release|Any CPU.Build.0 = Release|Any CPU
		{5EA847E4-1A61-410B-BFFB-C825E4420C3C}.Debug|Any CPU.ActiveCfg = Debug|Any CPU
		{5EA847E4-1A61-410B-BFFB-C825E4420C3C}.Debug|Any CPU.Build.0 = Debug|Any CPU
		{5EA847E4-1A61-410B-BFFB-C825E4420C3C}.Release|Any CPU.ActiveCfg = Release|Any CPU
		{5EA847E4-1A61-410B-BFFB-C825E4420C3C}.Release|Any CPU.Build.0 = Release|Any CPU
		{AD9D68C1-F822-43ED-8413-2F301D2182AC}.Debug|Any CPU.ActiveCfg = Debug|Any CPU
		{AD9D68C1-F822-43ED-8413-2F301D2182AC}.Debug|Any CPU.Build.0 = Debug|Any CPU
		{AD9D68C1-F822-43ED-8413-2F301D2182AC}.Release|Any CPU.ActiveCfg = Release|Any CPU
		{AD9D68C1-F822-43ED-8413-2F301D2182AC}.Release|Any CPU.Build.0 = Release|Any CPU
	EndGlobalSection
	GlobalSection(SolutionProperties) = preSolution
		HideSolutionNode = FALSE
	EndGlobalSection
	GlobalSection(NestedProjects) = preSolution
		{DFD1AE01-B39E-4DEB-9BB5-32FA867F0058} = {02EA681E-C7D8-13C7-8484-4AC65E1B71E8}
		{23C1E92C-465A-4973-B13C-5FDAE9D21106} = {02EA681E-C7D8-13C7-8484-4AC65E1B71E8}
		{7C937789-6042-493E-9FF1-BA796F5CAAC5} = {02EA681E-C7D8-13C7-8484-4AC65E1B71E8}
		{BFBEA3E0-9DA3-4627-A41B-B97303EE1C37} = {DC25774A-B28C-4E09-BF67-2C5BA4EBFF2F}
		{45738D46-A101-4ECF-A632-7D81706CC7FA} = {DC25774A-B28C-4E09-BF67-2C5BA4EBFF2F}
		{837105D7-22CB-41A2-A6C4-66F9D4B10EEF} = {DC25774A-B28C-4E09-BF67-2C5BA4EBFF2F}
		{32E46F26-0E91-4C72-90D6-D29665F5B71C} = {69642F23-4EB6-415A-BEB8-1E6F589AD075}
		{62250AB1-A4FB-4D02-8164-F18AFF08BEF0} = {69642F23-4EB6-415A-BEB8-1E6F589AD075}
		{C2227FA1-756A-4A13-80CC-E05EC476D2DC} = {69642F23-4EB6-415A-BEB8-1E6F589AD075}
		{24B94891-9E29-4837-B228-C626081156FA} = {7B7552C6-B654-40F0-9A76-FDFE0E8954F4}
		{5EA847E4-1A61-410B-BFFB-C825E4420C3C} = {7B7552C6-B654-40F0-9A76-FDFE0E8954F4}
		{AD9D68C1-F822-43ED-8413-2F301D2182AC} = {7B7552C6-B654-40F0-9A76-FDFE0E8954F4}
	EndGlobalSection
	GlobalSection(ExtensibilityGlobals) = postSolution
		SolutionGuid = {F27B21BB-3E8D-4D87-8B8D-ED21DD0BA2CF}
	EndGlobalSection
EndGlobal
